
Microsoft Visual Studio Solution File, Format Version 12.00
# Visual Studio Version 16
VisualStudioVersion = 16.0.30717.126
MinimumVisualStudioVersion = 10.0.40219.1
Project("{FAE04EC0-301F-11D3-BF4B-00C04F79EFBC}") = "WebApiTemplate", "WebApiTemplate\WebApiTemplate.csproj", "{842C0A10-C534-46D5-84F5-83E2323AE6A4}"
EndProject
Global
	GlobalSection(SolutionConfigurationPlatforms) = preSolution
		Debug|Any CPU = Debug|Any CPU
		Release|Any CPU = Release|Any CPU
	EndGlobalSection
	GlobalSection(ProjectConfigurationPlatforms) = postSolution
		{842C0A10-C534-46D5-84F5-83E2323AE6A4}.Debug|Any CPU.ActiveCfg = Debug|Any CPU
		{842C0A10-C534-46D5-84F5-83E2323AE6A4}.Debug|Any CPU.Build.0 = Debug|Any CPU
		{842C0A10-C534-46D5-84F5-83E2323AE6A4}.Release|Any CPU.ActiveCfg = Release|Any CPU
		{842C0A10-C534-46D5-84F5-83E2323AE6A4}.Release|Any CPU.Build.0 = Release|Any CPU
	EndGlobalSection
	GlobalSection(SolutionProperties) = preSolution
		HideSolutionNode = FALSE
	EndGlobalSection
	GlobalSection(ExtensibilityGlobals) = postSolution
		SolutionGuid = {E727BA7C-02BA-4A4E-8198-79FFA60617BC}
	EndGlobalSection
EndGlobal
